{
  "name": "dataVizColorAccess",
  "lockfileVersion": 3,
  "requires": true,
  "packages": {
    "": {
      "dependencies": {
        "sass-apca": "^1.1.1"
      }
    },
    "node_modules/sass-apca": {
      "version": "1.1.1",
      "resolved": "https://registry.npmjs.org/sass-apca/-/sass-apca-1.1.1.tgz",
      "integrity": "sha512-aeJoWQzVdPW5aL5V5KOfSwTK6fmJDeohnXPt96nMnxwBnhil7kbICsX7OdB6Rm86cPa+2mQ0j6LunXlrTfSUvw==",
      "license": "MIT"
    }
  }
}
